{
  "requires": true,
  "lockfileVersion": 1,
  "dependencies": {
    "chart.js": {
      "version": "3.5.1",
      "resolved": "https://registry.npmjs.org/chart.js/-/chart.js-3.5.1.tgz",
      "integrity": "sha512-m5kzt72I1WQ9LILwQC4syla/LD/N413RYv2Dx2nnTkRS9iv/ey1xLTt0DnPc/eWV4zI+BgEgDYBIzbQhZHc/PQ=="
    },
    "loadjs": {
      "version": "4.2.0",
      "resolved": "https://registry.npmjs.org/loadjs/-/loadjs-4.2.0.tgz",
      "integrity": "sha512-AgQGZisAlTPbTEzrHPb6q+NYBMD+DP9uvGSIjSUM5uG+0jG15cb8axWpxuOIqrmQjn6scaaH8JwloiP27b2KXA=="
    },
    "lodash": {
      "version": "4.17.21",
      "resolved": "https://registry.npmjs.org/lodash/-/lodash-4.17.21.tgz",
      "integrity": "sha512-v2kDEe57lecTulaDIuNTPy3Ry4gLGJ6Z1O3vE1krgXZNrsQ+LFTGHVxVjcXPs17LhbZVGedAJv8XZ1tvj5FvSg=="
    },
    "react-chartjs-2": {
      "version": "3.0.5",
      "resolved": "https://registry.npmjs.org/react-chartjs-2/-/react-chartjs-2-3.0.5.tgz",
      "integrity": "sha512-fYr4E82agaZi9IFMe5GtOZ6WE/HWdxy/KywLNOzXsqgPkD2oo1IlrQLKMLUki/2UXko3p95TR2L8Q2rEss/opQ==",
      "requires": {
        "lodash": "^4.17.19"
      }
    },
    "react-twitter-widgets": {
      "version": "1.10.0",
      "resolved": "https://registry.npmjs.org/react-twitter-widgets/-/react-twitter-widgets-1.10.0.tgz",
      "integrity": "sha512-K7MAREhkKJxrhoiNWricKs1O++NyElnVpcplLzZ67gDrmeIsD3E4TUzlt0/nTZAHPOPPc86V4kEd4KIg4de7cQ==",
      "requires": {
        "loadjs": "^4.2.0"
      }
    }
  }
}
